
Microsoft Visual Studio Solution File, Format Version 12.00
# Visual Studio Version 17
VisualStudioVersion = 17.11.35312.102
MinimumVisualStudioVersion = 10.0.40219.1
Project("{FAE04EC0-301F-11D3-BF4B-00C04F79EFBC}") = "OperatorAssignment", "OperatorAssignment.csproj", "{5810103C-993E-4ED3-B715-9795E43C217E}"
EndProject
Global
	GlobalSection(SolutionConfigurationPlatforms) = preSolution
		Debug|Any CPU = Debug|Any CPU
		Release|Any CPU = Release|Any CPU
	EndGlobalSection
	GlobalSection(ProjectConfigurationPlatforms) = postSolution
		{5810103C-993E-4ED3-B715-9795E43C217E}.Debug|Any CPU.ActiveCfg = Debug|Any CPU
		{5810103C-993E-4ED3-B715-9795E43C217E}.Debug|Any CPU.Build.0 = Debug|Any CPU
		{5810103C-993E-4ED3-B715-9795E43C217E}.Release|Any CPU.ActiveCfg = Release|Any CPU
		{5810103C-993E-4ED3-B715-9795E43C217E}.Release|Any CPU.Build.0 = Release|Any CPU
	EndGlobalSection
	GlobalSection(SolutionProperties) = preSolution
		HideSolutionNode = FALSE
	EndGlobalSection
	GlobalSection(ExtensibilityGlobals) = postSolution
		SolutionGuid = {00EE0817-B878-4C3C-971E-A256DD33DFAC}
	EndGlobalSection
EndGlobal
