
Microsoft Visual Studio Solution File, Format Version 12.00
# Visual Studio Version 17
VisualStudioVersion = 17.11.35312.102
MinimumVisualStudioVersion = 10.0.40219.1
Project("{FAE04EC0-301F-11D3-BF4B-00C04F79EFBC}") = "StringsAndIntegersAssignment", "StringsAndIntegersAssignment\StringsAndIntegersAssignment.csproj", "{72AC4AFD-EBD2-46FA-9F35-EB99CE9E6C05}"
EndProject
Global
	GlobalSection(SolutionConfigurationPlatforms) = preSolution
		Debug|Any CPU = Debug|Any CPU
		Release|Any CPU = Release|Any CPU
	EndGlobalSection
	GlobalSection(ProjectConfigurationPlatforms) = postSolution
		{72AC4AFD-EBD2-46FA-9F35-EB99CE9E6C05}.Debug|Any CPU.ActiveCfg = Debug|Any CPU
		{72AC4AFD-EBD2-46FA-9F35-EB99CE9E6C05}.Debug|Any CPU.Build.0 = Debug|Any CPU
		{72AC4AFD-EBD2-46FA-9F35-EB99CE9E6C05}.Release|Any CPU.ActiveCfg = Release|Any CPU
		{72AC4AFD-EBD2-46FA-9F35-EB99CE9E6C05}.Release|Any CPU.Build.0 = Release|Any CPU
	EndGlobalSection
	GlobalSection(SolutionProperties) = preSolution
		HideSolutionNode = FALSE
	EndGlobalSection
	GlobalSection(ExtensibilityGlobals) = postSolution
		SolutionGuid = {CF72ED63-9CDF-4AAF-8895-93527419B075}
	EndGlobalSection
EndGlobal
