
Microsoft Visual Studio Solution File, Format Version 12.00
# Visual Studio Version 17
VisualStudioVersion = 17.11.35312.102
MinimumVisualStudioVersion = 10.0.40219.1
Project("{FAE04EC0-301F-11D3-BF4B-00C04F79EFBC}") = "MethodOverloadingAssignmnet", "MethodOverloadingAssignmnet\MethodOverloadingAssignmnet.csproj", "{99A71852-659A-4870-99AF-FB16B32543FE}"
EndProject
Global
	GlobalSection(SolutionConfigurationPlatforms) = preSolution
		Debug|Any CPU = Debug|Any CPU
		Release|Any CPU = Release|Any CPU
	EndGlobalSection
	GlobalSection(ProjectConfigurationPlatforms) = postSolution
		{99A71852-659A-4870-99AF-FB16B32543FE}.Debug|Any CPU.ActiveCfg = Debug|Any CPU
		{99A71852-659A-4870-99AF-FB16B32543FE}.Debug|Any CPU.Build.0 = Debug|Any CPU
		{99A71852-659A-4870-99AF-FB16B32543FE}.Release|Any CPU.ActiveCfg = Release|Any CPU
		{99A71852-659A-4870-99AF-FB16B32543FE}.Release|Any CPU.Build.0 = Release|Any CPU
	EndGlobalSection
	GlobalSection(SolutionProperties) = preSolution
		HideSolutionNode = FALSE
	EndGlobalSection
	GlobalSection(ExtensibilityGlobals) = postSolution
		SolutionGuid = {736EC2C6-1625-4F57-BF13-B37C7C3C0A9E}
	EndGlobalSection
EndGlobal
