
Microsoft Visual Studio Solution File, Format Version 12.00
# Visual Studio Version 17
VisualStudioVersion = 17.11.35312.102
MinimumVisualStudioVersion = 10.0.40219.1
Project("{FAE04EC0-301F-11D3-BF4B-00C04F79EFBC}") = "AbstractClassesAssignment", "AbstractClassesAssignment.csproj", "{19F93753-6DEF-498C-B5B8-A944B508A4B4}"
EndProject
Global
	GlobalSection(SolutionConfigurationPlatforms) = preSolution
		Debug|Any CPU = Debug|Any CPU
		Release|Any CPU = Release|Any CPU
	EndGlobalSection
	GlobalSection(ProjectConfigurationPlatforms) = postSolution
		{19F93753-6DEF-498C-B5B8-A944B508A4B4}.Debug|Any CPU.ActiveCfg = Debug|Any CPU
		{19F93753-6DEF-498C-B5B8-A944B508A4B4}.Debug|Any CPU.Build.0 = Debug|Any CPU
		{19F93753-6DEF-498C-B5B8-A944B508A4B4}.Release|Any CPU.ActiveCfg = Release|Any CPU
		{19F93753-6DEF-498C-B5B8-A944B508A4B4}.Release|Any CPU.Build.0 = Release|Any CPU
	EndGlobalSection
	GlobalSection(SolutionProperties) = preSolution
		HideSolutionNode = FALSE
	EndGlobalSection
	GlobalSection(ExtensibilityGlobals) = postSolution
		SolutionGuid = {AA210AFE-AD9A-4935-ABD2-2870174EB0D9}
	EndGlobalSection
EndGlobal
